
Microsoft Visual Studio Solution File, Format Version 12.00
# Visual Studio 15
VisualStudioVersion = 15.0.26430.13
MinimumVisualStudioVersion = 10.0.40219.1
Project("{FAE04EC0-301F-11D3-BF4B-00C04F79EFBC}") = "D.Core", "D\D.Core.csproj", "{FF1600C4-C31F-423C-A702-4D3B501496FD}"
EndProject
Project("{FAE04EC0-301F-11D3-BF4B-00C04F79EFBC}") = "D.Test", "D.Test\D.Test.csproj", "{87DD516F-DBED-4ED1-A858-100901B8F485}"
EndProject
Global
	GlobalSection(SolutionConfigurationPlatforms) = preSolution
		Debug|Any CPU = Debug|Any CPU
		Release|Any CPU = Release|Any CPU
		roslyn|Any CPU = roslyn|Any CPU
	EndGlobalSection
	GlobalSection(ProjectConfigurationPlatforms) = postSolution
		{FF1600C4-C31F-423C-A702-4D3B501496FD}.Debug|Any CPU.ActiveCfg = Debug|Any CPU
		{FF1600C4-C31F-423C-A702-4D3B501496FD}.Debug|Any CPU.Build.0 = Debug|Any CPU
		{FF1600C4-C31F-423C-A702-4D3B501496FD}.Release|Any CPU.ActiveCfg = Release|Any CPU
		{FF1600C4-C31F-423C-A702-4D3B501496FD}.Release|Any CPU.Build.0 = Release|Any CPU
		{FF1600C4-C31F-423C-A702-4D3B501496FD}.roslyn|Any CPU.ActiveCfg = roslyn|Any CPU
		{FF1600C4-C31F-423C-A702-4D3B501496FD}.roslyn|Any CPU.Build.0 = roslyn|Any CPU
		{87DD516F-DBED-4ED1-A858-100901B8F485}.Debug|Any CPU.ActiveCfg = Debug|Any CPU
		{87DD516F-DBED-4ED1-A858-100901B8F485}.Debug|Any CPU.Build.0 = Debug|Any CPU
		{87DD516F-DBED-4ED1-A858-100901B8F485}.Release|Any CPU.ActiveCfg = Release|Any CPU
		{87DD516F-DBED-4ED1-A858-100901B8F485}.Release|Any CPU.Build.0 = Release|Any CPU
		{87DD516F-DBED-4ED1-A858-100901B8F485}.roslyn|Any CPU.ActiveCfg = roslyn|Any CPU
		{87DD516F-DBED-4ED1-A858-100901B8F485}.roslyn|Any CPU.Build.0 = roslyn|Any CPU
	EndGlobalSection
	GlobalSection(SolutionProperties) = preSolution
		HideSolutionNode = FALSE
	EndGlobalSection
EndGlobal
